
Microsoft Visual Studio Solution File, Format Version 12.00
# Visual Studio Version 16
VisualStudioVersion = 16.0.29613.14
MinimumVisualStudioVersion = 10.0.40219.1
Project("{9A19103F-16F7-4668-BE54-9A1E7A4F7556}") = "Emission", "Emission\Emission.csproj", "{A8D9184C-C211-42D2-9F48-4D2DBE810A1C}"
EndProject
Global
	GlobalSection(SolutionConfigurationPlatforms) = preSolution
		Debug|Any CPU = Debug|Any CPU
		Release|Any CPU = Release|Any CPU
	EndGlobalSection
	GlobalSection(ProjectConfigurationPlatforms) = postSolution
		{A8D9184C-C211-42D2-9F48-4D2DBE810A1C}.Debug|Any CPU.ActiveCfg = Debug|Any CPU
		{A8D9184C-C211-42D2-9F48-4D2DBE810A1C}.Debug|Any CPU.Build.0 = Debug|Any CPU
		{A8D9184C-C211-42D2-9F48-4D2DBE810A1C}.Release|Any CPU.ActiveCfg = Release|Any CPU
		{A8D9184C-C211-42D2-9F48-4D2DBE810A1C}.Release|Any CPU.Build.0 = Release|Any CPU
	EndGlobalSection
	GlobalSection(SolutionProperties) = preSolution
		HideSolutionNode = FALSE
	EndGlobalSection
	GlobalSection(ExtensibilityGlobals) = postSolution
		SolutionGuid = {6EC8747D-C4D6-4CEA-A4C2-0D176A3ECF13}
	EndGlobalSection
EndGlobal
