
Microsoft Visual Studio Solution File, Format Version 12.00
# Visual Studio Version 16
VisualStudioVersion = 16.0.29613.14
MinimumVisualStudioVersion = 10.0.40219.1
Project("{9A19103F-16F7-4668-BE54-9A1E7A4F7556}") = "Emission", "Emission\Emission.csproj", "{A8D9184C-C211-42D2-9F48-4D2DBE810A1C}"
EndProject
Project("{9A19103F-16F7-4668-BE54-9A1E7A4F7556}") = "Development", "Development\Development.csproj", "{94ECCC2D-96E7-4CFE-A37F-37266C091BC1}"
EndProject
Project("{2150E333-8FDC-42A3-9474-1A3956D46DE8}") = "Compiler", "Compiler", "{D1D740B2-1AC8-46EC-9192-4C8117AAE345}"
EndProject
Project("{9A19103F-16F7-4668-BE54-9A1E7A4F7556}") = "CommandLineTool", "..\..\src\QsCompiler\CommandLineTool\CommandLineTool.csproj", "{A62C08A2-9B9C-46BC-B6A5-2E3632E95E40}"
EndProject
Project("{9A19103F-16F7-4668-BE54-9A1E7A4F7556}") = "Compiler", "..\..\src\QsCompiler\Compiler\Compiler.csproj", "{D2D93B7E-0AFA-4370-A26F-6F1D71C6D0F4}"
EndProject
Project("{9A19103F-16F7-4668-BE54-9A1E7A4F7556}") = "QirGeneration", "..\..\src\QsCompiler\QirGeneration\QirGeneration.csproj", "{08F683A4-3E79-4BF4-AA88-C458FD1BF9CB}"
EndProject
Project("{6EC3EE1D-3C4E-46DD-8F32-0CC8E7565705}") = "Core", "..\..\src\QsCompiler\Core\Core.fsproj", "{60A19E43-18B7-495B-8774-AA727D2C2B77}"
EndProject
Project("{9A19103F-16F7-4668-BE54-9A1E7A4F7556}") = "CompilationManager", "..\..\src\QsCompiler\CompilationManager\CompilationManager.csproj", "{D59BE37F-BC10-4395-B8EE-6D3AB2225771}"
EndProject
Project("{6EC3EE1D-3C4E-46DD-8F32-0CC8E7565705}") = "DataStructures", "..\..\src\QsCompiler\DataStructures\DataStructures.fsproj", "{D3C13459-A819-412C-9BD3-79A0C7040958}"
EndProject
Project("{6EC3EE1D-3C4E-46DD-8F32-0CC8E7565705}") = "Optimizations", "..\..\src\QsCompiler\Optimizations\Optimizations.fsproj", "{084EC6C5-FDA6-4609-98D4-C2F6DA56AD22}"
EndProject
Project("{6EC3EE1D-3C4E-46DD-8F32-0CC8E7565705}") = "SyntaxProcessor", "..\..\src\QsCompiler\SyntaxProcessor\SyntaxProcessor.fsproj", "{E376EC59-B0C4-4E99-B445-8D487BFE96D0}"
EndProject
Project("{6EC3EE1D-3C4E-46DD-8F32-0CC8E7565705}") = "TextProcessor", "..\..\src\QsCompiler\TextProcessor\TextProcessor.fsproj", "{98AFC1A7-3F22-4313-BF0D-991CC708157A}"
EndProject
Project("{9A19103F-16F7-4668-BE54-9A1E7A4F7556}") = "Transformations", "..\..\src\QsCompiler\Transformations\Transformations.csproj", "{82DAF96C-92CD-40C0-9FF1-2A54FE9927E7}"
EndProject
Project("{9A19103F-16F7-4668-BE54-9A1E7A4F7556}") = "BondSchemas", "..\..\src\QsCompiler\BondSchemas\BondSchemas.csproj", "{0DC9417E-3113-427A-9D36-2DD25BE82751}"
EndProject
Project("{2150E333-8FDC-42A3-9474-1A3956D46DE8}") = "QirGeneration", "QirGeneration", "{7FB2D459-10EF-4865-974E-6FB64FD55289}"
EndProject
Project("{9A19103F-16F7-4668-BE54-9A1E7A4F7556}") = "LlvmBindings", "..\..\src\QsCompiler\LlvmBindings\LlvmBindings.csproj", "{F96EFA3C-B273-4400-891E-FEB2DD8426D5}"
EndProject
Project("{9A19103F-16F7-4668-BE54-9A1E7A4F7556}") = "DocumentationParser", "..\..\src\Documentation\DocumentationParser\DocumentationParser.csproj", "{3B4277A6-D1D1-4B60-AFFF-721E5329700F}"
EndProject
Global
	GlobalSection(SolutionConfigurationPlatforms) = preSolution
		Debug|Any CPU = Debug|Any CPU
		Release|Any CPU = Release|Any CPU
	EndGlobalSection
	GlobalSection(ProjectConfigurationPlatforms) = postSolution
		{A8D9184C-C211-42D2-9F48-4D2DBE810A1C}.Debug|Any CPU.ActiveCfg = Debug|Any CPU
		{A8D9184C-C211-42D2-9F48-4D2DBE810A1C}.Debug|Any CPU.Build.0 = Debug|Any CPU
		{A8D9184C-C211-42D2-9F48-4D2DBE810A1C}.Release|Any CPU.ActiveCfg = Release|Any CPU
		{A8D9184C-C211-42D2-9F48-4D2DBE810A1C}.Release|Any CPU.Build.0 = Release|Any CPU
		{94ECCC2D-96E7-4CFE-A37F-37266C091BC1}.Debug|Any CPU.ActiveCfg = Debug|Any CPU
		{94ECCC2D-96E7-4CFE-A37F-37266C091BC1}.Debug|Any CPU.Build.0 = Debug|Any CPU
		{94ECCC2D-96E7-4CFE-A37F-37266C091BC1}.Release|Any CPU.ActiveCfg = Release|Any CPU
		{94ECCC2D-96E7-4CFE-A37F-37266C091BC1}.Release|Any CPU.Build.0 = Release|Any CPU
		{A62C08A2-9B9C-46BC-B6A5-2E3632E95E40}.Debug|Any CPU.ActiveCfg = Debug|Any CPU
		{A62C08A2-9B9C-46BC-B6A5-2E3632E95E40}.Debug|Any CPU.Build.0 = Debug|Any CPU
		{A62C08A2-9B9C-46BC-B6A5-2E3632E95E40}.Release|Any CPU.ActiveCfg = Release|Any CPU
		{A62C08A2-9B9C-46BC-B6A5-2E3632E95E40}.Release|Any CPU.Build.0 = Release|Any CPU
		{D2D93B7E-0AFA-4370-A26F-6F1D71C6D0F4}.Debug|Any CPU.ActiveCfg = Debug|Any CPU
		{D2D93B7E-0AFA-4370-A26F-6F1D71C6D0F4}.Debug|Any CPU.Build.0 = Debug|Any CPU
		{D2D93B7E-0AFA-4370-A26F-6F1D71C6D0F4}.Release|Any CPU.ActiveCfg = Release|Any CPU
		{D2D93B7E-0AFA-4370-A26F-6F1D71C6D0F4}.Release|Any CPU.Build.0 = Release|Any CPU
		{08F683A4-3E79-4BF4-AA88-C458FD1BF9CB}.Debug|Any CPU.ActiveCfg = Debug|Any CPU
		{08F683A4-3E79-4BF4-AA88-C458FD1BF9CB}.Debug|Any CPU.Build.0 = Debug|Any CPU
		{08F683A4-3E79-4BF4-AA88-C458FD1BF9CB}.Release|Any CPU.ActiveCfg = Release|Any CPU
		{08F683A4-3E79-4BF4-AA88-C458FD1BF9CB}.Release|Any CPU.Build.0 = Release|Any CPU
		{60A19E43-18B7-495B-8774-AA727D2C2B77}.Debug|Any CPU.ActiveCfg = Debug|Any CPU
		{60A19E43-18B7-495B-8774-AA727D2C2B77}.Debug|Any CPU.Build.0 = Debug|Any CPU
		{60A19E43-18B7-495B-8774-AA727D2C2B77}.Release|Any CPU.ActiveCfg = Release|Any CPU
		{60A19E43-18B7-495B-8774-AA727D2C2B77}.Release|Any CPU.Build.0 = Release|Any CPU
		{D59BE37F-BC10-4395-B8EE-6D3AB2225771}.Debug|Any CPU.ActiveCfg = Debug|Any CPU
		{D59BE37F-BC10-4395-B8EE-6D3AB2225771}.Debug|Any CPU.Build.0 = Debug|Any CPU
		{D59BE37F-BC10-4395-B8EE-6D3AB2225771}.Release|Any CPU.ActiveCfg = Release|Any CPU
		{D59BE37F-BC10-4395-B8EE-6D3AB2225771}.Release|Any CPU.Build.0 = Release|Any CPU
		{D3C13459-A819-412C-9BD3-79A0C7040958}.Debug|Any CPU.ActiveCfg = Debug|Any CPU
		{D3C13459-A819-412C-9BD3-79A0C7040958}.Debug|Any CPU.Build.0 = Debug|Any CPU
		{D3C13459-A819-412C-9BD3-79A0C7040958}.Release|Any CPU.ActiveCfg = Release|Any CPU
		{D3C13459-A819-412C-9BD3-79A0C7040958}.Release|Any CPU.Build.0 = Release|Any CPU
		{084EC6C5-FDA6-4609-98D4-C2F6DA56AD22}.Debug|Any CPU.ActiveCfg = Debug|Any CPU
		{084EC6C5-FDA6-4609-98D4-C2F6DA56AD22}.Debug|Any CPU.Build.0 = Debug|Any CPU
		{084EC6C5-FDA6-4609-98D4-C2F6DA56AD22}.Release|Any CPU.ActiveCfg = Release|Any CPU
		{084EC6C5-FDA6-4609-98D4-C2F6DA56AD22}.Release|Any CPU.Build.0 = Release|Any CPU
		{E376EC59-B0C4-4E99-B445-8D487BFE96D0}.Debug|Any CPU.ActiveCfg = Debug|Any CPU
		{E376EC59-B0C4-4E99-B445-8D487BFE96D0}.Debug|Any CPU.Build.0 = Debug|Any CPU
		{E376EC59-B0C4-4E99-B445-8D487BFE96D0}.Release|Any CPU.ActiveCfg = Release|Any CPU
		{E376EC59-B0C4-4E99-B445-8D487BFE96D0}.Release|Any CPU.Build.0 = Release|Any CPU
		{98AFC1A7-3F22-4313-BF0D-991CC708157A}.Debug|Any CPU.ActiveCfg = Debug|Any CPU
		{98AFC1A7-3F22-4313-BF0D-991CC708157A}.Debug|Any CPU.Build.0 = Debug|Any CPU
		{98AFC1A7-3F22-4313-BF0D-991CC708157A}.Release|Any CPU.ActiveCfg = Release|Any CPU
		{98AFC1A7-3F22-4313-BF0D-991CC708157A}.Release|Any CPU.Build.0 = Release|Any CPU
		{82DAF96C-92CD-40C0-9FF1-2A54FE9927E7}.Debug|Any CPU.ActiveCfg = Debug|Any CPU
		{82DAF96C-92CD-40C0-9FF1-2A54FE9927E7}.Debug|Any CPU.Build.0 = Debug|Any CPU
		{82DAF96C-92CD-40C0-9FF1-2A54FE9927E7}.Release|Any CPU.ActiveCfg = Release|Any CPU
		{82DAF96C-92CD-40C0-9FF1-2A54FE9927E7}.Release|Any CPU.Build.0 = Release|Any CPU
		{0DC9417E-3113-427A-9D36-2DD25BE82751}.Debug|Any CPU.ActiveCfg = Debug|Any CPU
		{0DC9417E-3113-427A-9D36-2DD25BE82751}.Debug|Any CPU.Build.0 = Debug|Any CPU
		{0DC9417E-3113-427A-9D36-2DD25BE82751}.Release|Any CPU.ActiveCfg = Release|Any CPU
		{0DC9417E-3113-427A-9D36-2DD25BE82751}.Release|Any CPU.Build.0 = Release|Any CPU
		{F96EFA3C-B273-4400-891E-FEB2DD8426D5}.Debug|Any CPU.ActiveCfg = Debug|Any CPU
		{F96EFA3C-B273-4400-891E-FEB2DD8426D5}.Debug|Any CPU.Build.0 = Debug|Any CPU
		{F96EFA3C-B273-4400-891E-FEB2DD8426D5}.Release|Any CPU.ActiveCfg = Release|Any CPU
		{F96EFA3C-B273-4400-891E-FEB2DD8426D5}.Release|Any CPU.Build.0 = Release|Any CPU
		{3B4277A6-D1D1-4B60-AFFF-721E5329700F}.Debug|Any CPU.ActiveCfg = Debug|Any CPU
		{3B4277A6-D1D1-4B60-AFFF-721E5329700F}.Debug|Any CPU.Build.0 = Debug|Any CPU
		{3B4277A6-D1D1-4B60-AFFF-721E5329700F}.Release|Any CPU.ActiveCfg = Release|Any CPU
		{3B4277A6-D1D1-4B60-AFFF-721E5329700F}.Release|Any CPU.Build.0 = Release|Any CPU
	EndGlobalSection
	GlobalSection(SolutionProperties) = preSolution
		HideSolutionNode = FALSE
	EndGlobalSection
	GlobalSection(NestedProjects) = preSolution
		{A62C08A2-9B9C-46BC-B6A5-2E3632E95E40} = {D1D740B2-1AC8-46EC-9192-4C8117AAE345}
		{D2D93B7E-0AFA-4370-A26F-6F1D71C6D0F4} = {D1D740B2-1AC8-46EC-9192-4C8117AAE345}
		{08F683A4-3E79-4BF4-AA88-C458FD1BF9CB} = {7FB2D459-10EF-4865-974E-6FB64FD55289}
		{60A19E43-18B7-495B-8774-AA727D2C2B77} = {D1D740B2-1AC8-46EC-9192-4C8117AAE345}
		{D59BE37F-BC10-4395-B8EE-6D3AB2225771} = {D1D740B2-1AC8-46EC-9192-4C8117AAE345}
		{D3C13459-A819-412C-9BD3-79A0C7040958} = {D1D740B2-1AC8-46EC-9192-4C8117AAE345}
		{084EC6C5-FDA6-4609-98D4-C2F6DA56AD22} = {D1D740B2-1AC8-46EC-9192-4C8117AAE345}
		{E376EC59-B0C4-4E99-B445-8D487BFE96D0} = {D1D740B2-1AC8-46EC-9192-4C8117AAE345}
		{98AFC1A7-3F22-4313-BF0D-991CC708157A} = {D1D740B2-1AC8-46EC-9192-4C8117AAE345}
		{82DAF96C-92CD-40C0-9FF1-2A54FE9927E7} = {D1D740B2-1AC8-46EC-9192-4C8117AAE345}
		{0DC9417E-3113-427A-9D36-2DD25BE82751} = {D1D740B2-1AC8-46EC-9192-4C8117AAE345}
		{F96EFA3C-B273-4400-891E-FEB2DD8426D5} = {7FB2D459-10EF-4865-974E-6FB64FD55289}
		{3B4277A6-D1D1-4B60-AFFF-721E5329700F} = {D1D740B2-1AC8-46EC-9192-4C8117AAE345}
	EndGlobalSection
	GlobalSection(ExtensibilityGlobals) = postSolution
		SolutionGuid = {6EC8747D-C4D6-4CEA-A4C2-0D176A3ECF13}
	EndGlobalSection
EndGlobal
