
Microsoft Visual Studio Solution File, Format Version 12.00
# Visual Studio Version 16
VisualStudioVersion = 16.0.28809.33
MinimumVisualStudioVersion = 10.0.40219.1
Project("{9A19103F-16F7-4668-BE54-9A1E7A4F7556}") = "CompilationManager", "src\QsCompiler\CompilationManager\CompilationManager.csproj", "{8990670B-B9D2-4485-AA5B-34A301A11CD3}"
EndProject
Project("{9A19103F-16F7-4668-BE54-9A1E7A4F7556}") = "Compiler", "src\QsCompiler\Compiler\Compiler.csproj", "{B7B3C72B-894A-4AEA-BA77-6512C2B01309}"
EndProject
Project("{6EC3EE1D-3C4E-46DD-8F32-0CC8E7565705}") = "DataStructures", "src\QsCompiler\DataStructures\DataStructures.fsproj", "{FFFCD77D-A353-4C89-9006-01A64D82A422}"
EndProject
Project("{6EC3EE1D-3C4E-46DD-8F32-0CC8E7565705}") = "SyntaxProcessor", "src\QsCompiler\SyntaxProcessor\SyntaxProcessor.fsproj", "{AC28EABE-1D21-401B-9379-EC1064F3B0FF}"
EndProject
Project("{6EC3EE1D-3C4E-46DD-8F32-0CC8E7565705}") = "TextProcessor", "src\QsCompiler\TextProcessor\TextProcessor.fsproj", "{57F1310F-9210-47A2-AEC5-DE2CF345D754}"
EndProject
Project("{9A19103F-16F7-4668-BE54-9A1E7A4F7556}") = "DocumentationParser", "src\Documentation\DocumentationParser\DocumentationParser.csproj", "{EB06DB1E-2B86-4279-81F9-D39B62B4AE0A}"
EndProject
Project("{9A19103F-16F7-4668-BE54-9A1E7A4F7556}") = "LanguageServer", "src\QsCompiler\LanguageServer\LanguageServer.csproj", "{D21C9875-2E84-423B-B2CA-84103661F7E4}"
EndProject
Project("{6EC3EE1D-3C4E-46DD-8F32-0CC8E7565705}") = "Tests.Compiler", "src\QsCompiler\Tests.Compiler\Tests.Compiler.fsproj", "{2F99F17D-ACDC-4F81-B9DA-02B88C747BEE}"
EndProject
Project("{9A19103F-16F7-4668-BE54-9A1E7A4F7556}") = "Tests.LanguageServer", "src\QsCompiler\Tests.LanguageServer\Tests.LanguageServer.csproj", "{F015C380-D285-42B1-9DAF-B6422CECA2F2}"
EndProject
Project("{6EC3EE1D-3C4E-46DD-8F32-0CC8E7565705}") = "Core", "src\QsCompiler\Core\Core.fsproj", "{03626B99-9544-4909-8071-1EF2E5498FEE}"
EndProject
Project("{9A19103F-16F7-4668-BE54-9A1E7A4F7556}") = "Transformations", "src\QsCompiler\Transformations\Transformations.csproj", "{BA5D3733-09F1-4676-9CAC-99AD9A00AECB}"
EndProject
Project("{9A19103F-16F7-4668-BE54-9A1E7A4F7556}") = "Tests.DocGenerator", "src\Documentation\Tests.DocGenerator\Tests.DocGenerator.csproj", "{256A6275-FC7F-42E9-9931-BC6EA6D0F31A}"
EndProject
Project("{9A19103F-16F7-4668-BE54-9A1E7A4F7556}") = "CommandLineTool", "src\QsCompiler\CommandLineTool\CommandLineTool.csproj", "{B15C4786-0D35-4E66-907F-94DA85FD5576}"
EndProject
Project("{2150E333-8FDC-42A3-9474-1A3956D46DE8}") = "TestTargets", "TestTargets", "{6077A717-50BF-4F87-B439-CA549AF6A4AE}"
EndProject
Project("{2150E333-8FDC-42A3-9474-1A3956D46DE8}") = "Simulation", "Simulation", "{76BA96DA-DC1E-4315-A3ED-5F0700A79812}"
EndProject
Project("{9A19103F-16F7-4668-BE54-9A1E7A4F7556}") = "Simulation", "src\QsCompiler\TestTargets\Simulation\Target\Simulation.csproj", "{D50583DF-FBEF-45EF-B523-70B2CDBE1DD1}"
EndProject
Project("{9A19103F-16F7-4668-BE54-9A1E7A4F7556}") = "Example", "src\QsCompiler\TestTargets\Simulation\Example\Example.csproj", "{2E331781-F7ED-4EF1-8451-896636C6D93A}"
EndProject
Project("{2150E333-8FDC-42A3-9474-1A3956D46DE8}") = "Libraries", "Libraries", "{D2E36476-A65F-4310-9C4C-B721BCC47B00}"
EndProject
Project("{9A19103F-16F7-4668-BE54-9A1E7A4F7556}") = "Library1", "src\QsCompiler\TestTargets\Libraries\Library1\Library1.csproj", "{DDAA35BF-7BFC-431F-9F7E-182F01DAEB3F}"
EndProject
Project("{6EC3EE1D-3C4E-46DD-8F32-0CC8E7565705}") = "Optimizations", "src\QsCompiler\Optimizations\Optimizations.fsproj", "{31085984-3DA6-43C7-B0AA-CE62DC60BB56}"
EndProject
Project("{2150E333-8FDC-42A3-9474-1A3956D46DE8}") = "Tests", "Tests", "{B4A9484D-31FC-4A27-9E26-4C8DE3E02D77}"
EndProject
Project("{9A19103F-16F7-4668-BE54-9A1E7A4F7556}") = "Library2", "src\QsCompiler\TestTargets\Libraries\Library2\Library2.csproj", "{E7E019AB-42F8-48AB-B80C-D33351F2C96A}"
EndProject
Project("{9A19103F-16F7-4668-BE54-9A1E7A4F7556}") = "BondSchemas", "src\QsCompiler\BondSchemas\BondSchemas.csproj", "{2B2290A8-752D-4D32-97D6-DAB1DC9A8996}"
EndProject
Project("{9A19103F-16F7-4668-BE54-9A1E7A4F7556}") = "DocumentationGenerator", "src\Documentation\DocumentationGenerator\DocumentationGenerator.csproj", "{11311F0C-78CA-43A3-9C84-D7EA0AE9748C}"
EndProject
Project("{9A19103F-16F7-4668-BE54-9A1E7A4F7556}") = "QirGeneration", "src\QsCompiler\QirGeneration\QirGeneration.csproj", "{7FF41827-C922-448A-A241-D3C28ADD14E1}"
EndProject
Global
	GlobalSection(SolutionConfigurationPlatforms) = preSolution
		Debug|Any CPU = Debug|Any CPU
		Debug|x64 = Debug|x64
		Debug|x86 = Debug|x86
		Release|Any CPU = Release|Any CPU
		Release|x64 = Release|x64
		Release|x86 = Release|x86
	EndGlobalSection
	GlobalSection(ProjectConfigurationPlatforms) = postSolution
		{8990670B-B9D2-4485-AA5B-34A301A11CD3}.Debug|Any CPU.ActiveCfg = Debug|Any CPU
		{8990670B-B9D2-4485-AA5B-34A301A11CD3}.Debug|Any CPU.Build.0 = Debug|Any CPU
		{8990670B-B9D2-4485-AA5B-34A301A11CD3}.Debug|x64.ActiveCfg = Debug|Any CPU
		{8990670B-B9D2-4485-AA5B-34A301A11CD3}.Debug|x64.Build.0 = Debug|Any CPU
		{8990670B-B9D2-4485-AA5B-34A301A11CD3}.Debug|x86.ActiveCfg = Debug|Any CPU
		{8990670B-B9D2-4485-AA5B-34A301A11CD3}.Debug|x86.Build.0 = Debug|Any CPU
		{8990670B-B9D2-4485-AA5B-34A301A11CD3}.Release|Any CPU.ActiveCfg = Release|Any CPU
		{8990670B-B9D2-4485-AA5B-34A301A11CD3}.Release|Any CPU.Build.0 = Release|Any CPU
		{8990670B-B9D2-4485-AA5B-34A301A11CD3}.Release|x64.ActiveCfg = Release|Any CPU
		{8990670B-B9D2-4485-AA5B-34A301A11CD3}.Release|x64.Build.0 = Release|Any CPU
		{8990670B-B9D2-4485-AA5B-34A301A11CD3}.Release|x86.ActiveCfg = Release|Any CPU
		{8990670B-B9D2-4485-AA5B-34A301A11CD3}.Release|x86.Build.0 = Release|Any CPU
		{B7B3C72B-894A-4AEA-BA77-6512C2B01309}.Debug|Any CPU.ActiveCfg = Debug|Any CPU
		{B7B3C72B-894A-4AEA-BA77-6512C2B01309}.Debug|Any CPU.Build.0 = Debug|Any CPU
		{B7B3C72B-894A-4AEA-BA77-6512C2B01309}.Debug|x64.ActiveCfg = Debug|Any CPU
		{B7B3C72B-894A-4AEA-BA77-6512C2B01309}.Debug|x64.Build.0 = Debug|Any CPU
		{B7B3C72B-894A-4AEA-BA77-6512C2B01309}.Debug|x86.ActiveCfg = Debug|Any CPU
		{B7B3C72B-894A-4AEA-BA77-6512C2B01309}.Debug|x86.Build.0 = Debug|Any CPU
		{B7B3C72B-894A-4AEA-BA77-6512C2B01309}.Release|Any CPU.ActiveCfg = Release|Any CPU
		{B7B3C72B-894A-4AEA-BA77-6512C2B01309}.Release|Any CPU.Build.0 = Release|Any CPU
		{B7B3C72B-894A-4AEA-BA77-6512C2B01309}.Release|x64.ActiveCfg = Release|Any CPU
		{B7B3C72B-894A-4AEA-BA77-6512C2B01309}.Release|x64.Build.0 = Release|Any CPU
		{B7B3C72B-894A-4AEA-BA77-6512C2B01309}.Release|x86.ActiveCfg = Release|Any CPU
		{B7B3C72B-894A-4AEA-BA77-6512C2B01309}.Release|x86.Build.0 = Release|Any CPU
		{FFFCD77D-A353-4C89-9006-01A64D82A422}.Debug|Any CPU.ActiveCfg = Debug|Any CPU
		{FFFCD77D-A353-4C89-9006-01A64D82A422}.Debug|Any CPU.Build.0 = Debug|Any CPU
		{FFFCD77D-A353-4C89-9006-01A64D82A422}.Debug|x64.ActiveCfg = Debug|Any CPU
		{FFFCD77D-A353-4C89-9006-01A64D82A422}.Debug|x64.Build.0 = Debug|Any CPU
		{FFFCD77D-A353-4C89-9006-01A64D82A422}.Debug|x86.ActiveCfg = Debug|Any CPU
		{FFFCD77D-A353-4C89-9006-01A64D82A422}.Debug|x86.Build.0 = Debug|Any CPU
		{FFFCD77D-A353-4C89-9006-01A64D82A422}.Release|Any CPU.ActiveCfg = Release|Any CPU
		{FFFCD77D-A353-4C89-9006-01A64D82A422}.Release|Any CPU.Build.0 = Release|Any CPU
		{FFFCD77D-A353-4C89-9006-01A64D82A422}.Release|x64.ActiveCfg = Release|Any CPU
		{FFFCD77D-A353-4C89-9006-01A64D82A422}.Release|x64.Build.0 = Release|Any CPU
		{FFFCD77D-A353-4C89-9006-01A64D82A422}.Release|x86.ActiveCfg = Release|Any CPU
		{FFFCD77D-A353-4C89-9006-01A64D82A422}.Release|x86.Build.0 = Release|Any CPU
		{AC28EABE-1D21-401B-9379-EC1064F3B0FF}.Debug|Any CPU.ActiveCfg = Debug|Any CPU
		{AC28EABE-1D21-401B-9379-EC1064F3B0FF}.Debug|Any CPU.Build.0 = Debug|Any CPU
		{AC28EABE-1D21-401B-9379-EC1064F3B0FF}.Debug|x64.ActiveCfg = Debug|Any CPU
		{AC28EABE-1D21-401B-9379-EC1064F3B0FF}.Debug|x64.Build.0 = Debug|Any CPU
		{AC28EABE-1D21-401B-9379-EC1064F3B0FF}.Debug|x86.ActiveCfg = Debug|Any CPU
		{AC28EABE-1D21-401B-9379-EC1064F3B0FF}.Debug|x86.Build.0 = Debug|Any CPU
		{AC28EABE-1D21-401B-9379-EC1064F3B0FF}.Release|Any CPU.ActiveCfg = Release|Any CPU
		{AC28EABE-1D21-401B-9379-EC1064F3B0FF}.Release|Any CPU.Build.0 = Release|Any CPU
		{AC28EABE-1D21-401B-9379-EC1064F3B0FF}.Release|x64.ActiveCfg = Release|Any CPU
		{AC28EABE-1D21-401B-9379-EC1064F3B0FF}.Release|x64.Build.0 = Release|Any CPU
		{AC28EABE-1D21-401B-9379-EC1064F3B0FF}.Release|x86.ActiveCfg = Release|Any CPU
		{AC28EABE-1D21-401B-9379-EC1064F3B0FF}.Release|x86.Build.0 = Release|Any CPU
		{57F1310F-9210-47A2-AEC5-DE2CF345D754}.Debug|Any CPU.ActiveCfg = Debug|Any CPU
		{57F1310F-9210-47A2-AEC5-DE2CF345D754}.Debug|Any CPU.Build.0 = Debug|Any CPU
		{57F1310F-9210-47A2-AEC5-DE2CF345D754}.Debug|x64.ActiveCfg = Debug|Any CPU
		{57F1310F-9210-47A2-AEC5-DE2CF345D754}.Debug|x64.Build.0 = Debug|Any CPU
		{57F1310F-9210-47A2-AEC5-DE2CF345D754}.Debug|x86.ActiveCfg = Debug|Any CPU
		{57F1310F-9210-47A2-AEC5-DE2CF345D754}.Debug|x86.Build.0 = Debug|Any CPU
		{57F1310F-9210-47A2-AEC5-DE2CF345D754}.Release|Any CPU.ActiveCfg = Release|Any CPU
		{57F1310F-9210-47A2-AEC5-DE2CF345D754}.Release|Any CPU.Build.0 = Release|Any CPU
		{57F1310F-9210-47A2-AEC5-DE2CF345D754}.Release|x64.ActiveCfg = Release|Any CPU
		{57F1310F-9210-47A2-AEC5-DE2CF345D754}.Release|x64.Build.0 = Release|Any CPU
		{57F1310F-9210-47A2-AEC5-DE2CF345D754}.Release|x86.ActiveCfg = Release|Any CPU
		{57F1310F-9210-47A2-AEC5-DE2CF345D754}.Release|x86.Build.0 = Release|Any CPU
		{EB06DB1E-2B86-4279-81F9-D39B62B4AE0A}.Debug|Any CPU.ActiveCfg = Debug|Any CPU
		{EB06DB1E-2B86-4279-81F9-D39B62B4AE0A}.Debug|Any CPU.Build.0 = Debug|Any CPU
		{EB06DB1E-2B86-4279-81F9-D39B62B4AE0A}.Debug|x64.ActiveCfg = Debug|Any CPU
		{EB06DB1E-2B86-4279-81F9-D39B62B4AE0A}.Debug|x64.Build.0 = Debug|Any CPU
		{EB06DB1E-2B86-4279-81F9-D39B62B4AE0A}.Debug|x86.ActiveCfg = Debug|Any CPU
		{EB06DB1E-2B86-4279-81F9-D39B62B4AE0A}.Debug|x86.Build.0 = Debug|Any CPU
		{EB06DB1E-2B86-4279-81F9-D39B62B4AE0A}.Release|Any CPU.ActiveCfg = Release|Any CPU
		{EB06DB1E-2B86-4279-81F9-D39B62B4AE0A}.Release|Any CPU.Build.0 = Release|Any CPU
		{EB06DB1E-2B86-4279-81F9-D39B62B4AE0A}.Release|x64.ActiveCfg = Release|Any CPU
		{EB06DB1E-2B86-4279-81F9-D39B62B4AE0A}.Release|x64.Build.0 = Release|Any CPU
		{EB06DB1E-2B86-4279-81F9-D39B62B4AE0A}.Release|x86.ActiveCfg = Release|Any CPU
		{EB06DB1E-2B86-4279-81F9-D39B62B4AE0A}.Release|x86.Build.0 = Release|Any CPU
		{D21C9875-2E84-423B-B2CA-84103661F7E4}.Debug|Any CPU.ActiveCfg = Debug|Any CPU
		{D21C9875-2E84-423B-B2CA-84103661F7E4}.Debug|Any CPU.Build.0 = Debug|Any CPU
		{D21C9875-2E84-423B-B2CA-84103661F7E4}.Debug|x64.ActiveCfg = Debug|Any CPU
		{D21C9875-2E84-423B-B2CA-84103661F7E4}.Debug|x64.Build.0 = Debug|Any CPU
		{D21C9875-2E84-423B-B2CA-84103661F7E4}.Debug|x86.ActiveCfg = Debug|Any CPU
		{D21C9875-2E84-423B-B2CA-84103661F7E4}.Debug|x86.Build.0 = Debug|Any CPU
		{D21C9875-2E84-423B-B2CA-84103661F7E4}.Release|Any CPU.ActiveCfg = Release|Any CPU
		{D21C9875-2E84-423B-B2CA-84103661F7E4}.Release|Any CPU.Build.0 = Release|Any CPU
		{D21C9875-2E84-423B-B2CA-84103661F7E4}.Release|x64.ActiveCfg = Release|Any CPU
		{D21C9875-2E84-423B-B2CA-84103661F7E4}.Release|x64.Build.0 = Release|Any CPU
		{D21C9875-2E84-423B-B2CA-84103661F7E4}.Release|x86.ActiveCfg = Release|Any CPU
		{D21C9875-2E84-423B-B2CA-84103661F7E4}.Release|x86.Build.0 = Release|Any CPU
		{2F99F17D-ACDC-4F81-B9DA-02B88C747BEE}.Debug|Any CPU.ActiveCfg = Debug|Any CPU
		{2F99F17D-ACDC-4F81-B9DA-02B88C747BEE}.Debug|Any CPU.Build.0 = Debug|Any CPU
		{2F99F17D-ACDC-4F81-B9DA-02B88C747BEE}.Debug|x64.ActiveCfg = Debug|Any CPU
		{2F99F17D-ACDC-4F81-B9DA-02B88C747BEE}.Debug|x64.Build.0 = Debug|Any CPU
		{2F99F17D-ACDC-4F81-B9DA-02B88C747BEE}.Debug|x86.ActiveCfg = Debug|Any CPU
		{2F99F17D-ACDC-4F81-B9DA-02B88C747BEE}.Debug|x86.Build.0 = Debug|Any CPU
		{2F99F17D-ACDC-4F81-B9DA-02B88C747BEE}.Release|Any CPU.ActiveCfg = Release|Any CPU
		{2F99F17D-ACDC-4F81-B9DA-02B88C747BEE}.Release|Any CPU.Build.0 = Release|Any CPU
		{2F99F17D-ACDC-4F81-B9DA-02B88C747BEE}.Release|x64.ActiveCfg = Release|Any CPU
		{2F99F17D-ACDC-4F81-B9DA-02B88C747BEE}.Release|x64.Build.0 = Release|Any CPU
		{2F99F17D-ACDC-4F81-B9DA-02B88C747BEE}.Release|x86.ActiveCfg = Release|Any CPU
		{2F99F17D-ACDC-4F81-B9DA-02B88C747BEE}.Release|x86.Build.0 = Release|Any CPU
		{F015C380-D285-42B1-9DAF-B6422CECA2F2}.Debug|Any CPU.ActiveCfg = Debug|Any CPU
		{F015C380-D285-42B1-9DAF-B6422CECA2F2}.Debug|Any CPU.Build.0 = Debug|Any CPU
		{F015C380-D285-42B1-9DAF-B6422CECA2F2}.Debug|x64.ActiveCfg = Debug|Any CPU
		{F015C380-D285-42B1-9DAF-B6422CECA2F2}.Debug|x64.Build.0 = Debug|Any CPU
		{F015C380-D285-42B1-9DAF-B6422CECA2F2}.Debug|x86.ActiveCfg = Debug|Any CPU
		{F015C380-D285-42B1-9DAF-B6422CECA2F2}.Debug|x86.Build.0 = Debug|Any CPU
		{F015C380-D285-42B1-9DAF-B6422CECA2F2}.Release|Any CPU.ActiveCfg = Release|Any CPU
		{F015C380-D285-42B1-9DAF-B6422CECA2F2}.Release|Any CPU.Build.0 = Release|Any CPU
		{F015C380-D285-42B1-9DAF-B6422CECA2F2}.Release|x64.ActiveCfg = Release|Any CPU
		{F015C380-D285-42B1-9DAF-B6422CECA2F2}.Release|x64.Build.0 = Release|Any CPU
		{F015C380-D285-42B1-9DAF-B6422CECA2F2}.Release|x86.ActiveCfg = Release|Any CPU
		{F015C380-D285-42B1-9DAF-B6422CECA2F2}.Release|x86.Build.0 = Release|Any CPU
		{03626B99-9544-4909-8071-1EF2E5498FEE}.Debug|Any CPU.ActiveCfg = Debug|Any CPU
		{03626B99-9544-4909-8071-1EF2E5498FEE}.Debug|Any CPU.Build.0 = Debug|Any CPU
		{03626B99-9544-4909-8071-1EF2E5498FEE}.Debug|x64.ActiveCfg = Debug|Any CPU
		{03626B99-9544-4909-8071-1EF2E5498FEE}.Debug|x64.Build.0 = Debug|Any CPU
		{03626B99-9544-4909-8071-1EF2E5498FEE}.Debug|x86.ActiveCfg = Debug|Any CPU
		{03626B99-9544-4909-8071-1EF2E5498FEE}.Debug|x86.Build.0 = Debug|Any CPU
		{03626B99-9544-4909-8071-1EF2E5498FEE}.Release|Any CPU.ActiveCfg = Release|Any CPU
		{03626B99-9544-4909-8071-1EF2E5498FEE}.Release|Any CPU.Build.0 = Release|Any CPU
		{03626B99-9544-4909-8071-1EF2E5498FEE}.Release|x64.ActiveCfg = Release|Any CPU
		{03626B99-9544-4909-8071-1EF2E5498FEE}.Release|x64.Build.0 = Release|Any CPU
		{03626B99-9544-4909-8071-1EF2E5498FEE}.Release|x86.ActiveCfg = Release|Any CPU
		{03626B99-9544-4909-8071-1EF2E5498FEE}.Release|x86.Build.0 = Release|Any CPU
		{BA5D3733-09F1-4676-9CAC-99AD9A00AECB}.Debug|Any CPU.ActiveCfg = Debug|Any CPU
		{BA5D3733-09F1-4676-9CAC-99AD9A00AECB}.Debug|Any CPU.Build.0 = Debug|Any CPU
		{BA5D3733-09F1-4676-9CAC-99AD9A00AECB}.Debug|x64.ActiveCfg = Debug|Any CPU
		{BA5D3733-09F1-4676-9CAC-99AD9A00AECB}.Debug|x64.Build.0 = Debug|Any CPU
		{BA5D3733-09F1-4676-9CAC-99AD9A00AECB}.Debug|x86.ActiveCfg = Debug|Any CPU
		{BA5D3733-09F1-4676-9CAC-99AD9A00AECB}.Debug|x86.Build.0 = Debug|Any CPU
		{BA5D3733-09F1-4676-9CAC-99AD9A00AECB}.Release|Any CPU.ActiveCfg = Release|Any CPU
		{BA5D3733-09F1-4676-9CAC-99AD9A00AECB}.Release|Any CPU.Build.0 = Release|Any CPU
		{BA5D3733-09F1-4676-9CAC-99AD9A00AECB}.Release|x64.ActiveCfg = Release|Any CPU
		{BA5D3733-09F1-4676-9CAC-99AD9A00AECB}.Release|x64.Build.0 = Release|Any CPU
		{BA5D3733-09F1-4676-9CAC-99AD9A00AECB}.Release|x86.ActiveCfg = Release|Any CPU
		{BA5D3733-09F1-4676-9CAC-99AD9A00AECB}.Release|x86.Build.0 = Release|Any CPU
		{256A6275-FC7F-42E9-9931-BC6EA6D0F31A}.Debug|Any CPU.ActiveCfg = Debug|Any CPU
		{256A6275-FC7F-42E9-9931-BC6EA6D0F31A}.Debug|Any CPU.Build.0 = Debug|Any CPU
		{256A6275-FC7F-42E9-9931-BC6EA6D0F31A}.Debug|x64.ActiveCfg = Debug|Any CPU
		{256A6275-FC7F-42E9-9931-BC6EA6D0F31A}.Debug|x64.Build.0 = Debug|Any CPU
		{256A6275-FC7F-42E9-9931-BC6EA6D0F31A}.Debug|x86.ActiveCfg = Debug|Any CPU
		{256A6275-FC7F-42E9-9931-BC6EA6D0F31A}.Debug|x86.Build.0 = Debug|Any CPU
		{256A6275-FC7F-42E9-9931-BC6EA6D0F31A}.Release|Any CPU.ActiveCfg = Release|Any CPU
		{256A6275-FC7F-42E9-9931-BC6EA6D0F31A}.Release|Any CPU.Build.0 = Release|Any CPU
		{256A6275-FC7F-42E9-9931-BC6EA6D0F31A}.Release|x64.ActiveCfg = Release|Any CPU
		{256A6275-FC7F-42E9-9931-BC6EA6D0F31A}.Release|x64.Build.0 = Release|Any CPU
		{256A6275-FC7F-42E9-9931-BC6EA6D0F31A}.Release|x86.ActiveCfg = Release|Any CPU
		{256A6275-FC7F-42E9-9931-BC6EA6D0F31A}.Release|x86.Build.0 = Release|Any CPU
		{B15C4786-0D35-4E66-907F-94DA85FD5576}.Debug|Any CPU.ActiveCfg = Debug|Any CPU
		{B15C4786-0D35-4E66-907F-94DA85FD5576}.Debug|Any CPU.Build.0 = Debug|Any CPU
		{B15C4786-0D35-4E66-907F-94DA85FD5576}.Debug|x64.ActiveCfg = Debug|Any CPU
		{B15C4786-0D35-4E66-907F-94DA85FD5576}.Debug|x64.Build.0 = Debug|Any CPU
		{B15C4786-0D35-4E66-907F-94DA85FD5576}.Debug|x86.ActiveCfg = Debug|Any CPU
		{B15C4786-0D35-4E66-907F-94DA85FD5576}.Debug|x86.Build.0 = Debug|Any CPU
		{B15C4786-0D35-4E66-907F-94DA85FD5576}.Release|Any CPU.ActiveCfg = Release|Any CPU
		{B15C4786-0D35-4E66-907F-94DA85FD5576}.Release|Any CPU.Build.0 = Release|Any CPU
		{B15C4786-0D35-4E66-907F-94DA85FD5576}.Release|x64.ActiveCfg = Release|Any CPU
		{B15C4786-0D35-4E66-907F-94DA85FD5576}.Release|x64.Build.0 = Release|Any CPU
		{B15C4786-0D35-4E66-907F-94DA85FD5576}.Release|x86.ActiveCfg = Release|Any CPU
		{B15C4786-0D35-4E66-907F-94DA85FD5576}.Release|x86.Build.0 = Release|Any CPU
		{D50583DF-FBEF-45EF-B523-70B2CDBE1DD1}.Debug|Any CPU.ActiveCfg = Debug|Any CPU
		{D50583DF-FBEF-45EF-B523-70B2CDBE1DD1}.Debug|Any CPU.Build.0 = Debug|Any CPU
		{D50583DF-FBEF-45EF-B523-70B2CDBE1DD1}.Debug|x64.ActiveCfg = Debug|Any CPU
		{D50583DF-FBEF-45EF-B523-70B2CDBE1DD1}.Debug|x64.Build.0 = Debug|Any CPU
		{D50583DF-FBEF-45EF-B523-70B2CDBE1DD1}.Debug|x86.ActiveCfg = Debug|Any CPU
		{D50583DF-FBEF-45EF-B523-70B2CDBE1DD1}.Debug|x86.Build.0 = Debug|Any CPU
		{D50583DF-FBEF-45EF-B523-70B2CDBE1DD1}.Release|Any CPU.ActiveCfg = Release|Any CPU
		{D50583DF-FBEF-45EF-B523-70B2CDBE1DD1}.Release|Any CPU.Build.0 = Release|Any CPU
		{D50583DF-FBEF-45EF-B523-70B2CDBE1DD1}.Release|x64.ActiveCfg = Release|Any CPU
		{D50583DF-FBEF-45EF-B523-70B2CDBE1DD1}.Release|x64.Build.0 = Release|Any CPU
		{D50583DF-FBEF-45EF-B523-70B2CDBE1DD1}.Release|x86.ActiveCfg = Release|Any CPU
		{D50583DF-FBEF-45EF-B523-70B2CDBE1DD1}.Release|x86.Build.0 = Release|Any CPU
		{2E331781-F7ED-4EF1-8451-896636C6D93A}.Debug|Any CPU.ActiveCfg = Debug|Any CPU
		{2E331781-F7ED-4EF1-8451-896636C6D93A}.Debug|Any CPU.Build.0 = Debug|Any CPU
		{2E331781-F7ED-4EF1-8451-896636C6D93A}.Debug|x64.ActiveCfg = Debug|Any CPU
		{2E331781-F7ED-4EF1-8451-896636C6D93A}.Debug|x64.Build.0 = Debug|Any CPU
		{2E331781-F7ED-4EF1-8451-896636C6D93A}.Debug|x86.ActiveCfg = Debug|Any CPU
		{2E331781-F7ED-4EF1-8451-896636C6D93A}.Debug|x86.Build.0 = Debug|Any CPU
		{2E331781-F7ED-4EF1-8451-896636C6D93A}.Release|Any CPU.ActiveCfg = Release|Any CPU
		{2E331781-F7ED-4EF1-8451-896636C6D93A}.Release|Any CPU.Build.0 = Release|Any CPU
		{2E331781-F7ED-4EF1-8451-896636C6D93A}.Release|x64.ActiveCfg = Release|Any CPU
		{2E331781-F7ED-4EF1-8451-896636C6D93A}.Release|x64.Build.0 = Release|Any CPU
		{2E331781-F7ED-4EF1-8451-896636C6D93A}.Release|x86.ActiveCfg = Release|Any CPU
		{2E331781-F7ED-4EF1-8451-896636C6D93A}.Release|x86.Build.0 = Release|Any CPU
		{DDAA35BF-7BFC-431F-9F7E-182F01DAEB3F}.Debug|Any CPU.ActiveCfg = Debug|Any CPU
		{DDAA35BF-7BFC-431F-9F7E-182F01DAEB3F}.Debug|Any CPU.Build.0 = Debug|Any CPU
		{DDAA35BF-7BFC-431F-9F7E-182F01DAEB3F}.Debug|x64.ActiveCfg = Debug|Any CPU
		{DDAA35BF-7BFC-431F-9F7E-182F01DAEB3F}.Debug|x64.Build.0 = Debug|Any CPU
		{DDAA35BF-7BFC-431F-9F7E-182F01DAEB3F}.Debug|x86.ActiveCfg = Debug|Any CPU
		{DDAA35BF-7BFC-431F-9F7E-182F01DAEB3F}.Debug|x86.Build.0 = Debug|Any CPU
		{DDAA35BF-7BFC-431F-9F7E-182F01DAEB3F}.Release|Any CPU.ActiveCfg = Release|Any CPU
		{DDAA35BF-7BFC-431F-9F7E-182F01DAEB3F}.Release|Any CPU.Build.0 = Release|Any CPU
		{DDAA35BF-7BFC-431F-9F7E-182F01DAEB3F}.Release|x64.ActiveCfg = Release|Any CPU
		{DDAA35BF-7BFC-431F-9F7E-182F01DAEB3F}.Release|x64.Build.0 = Release|Any CPU
		{DDAA35BF-7BFC-431F-9F7E-182F01DAEB3F}.Release|x86.ActiveCfg = Release|Any CPU
		{DDAA35BF-7BFC-431F-9F7E-182F01DAEB3F}.Release|x86.Build.0 = Release|Any CPU
		{31085984-3DA6-43C7-B0AA-CE62DC60BB56}.Debug|Any CPU.ActiveCfg = Debug|Any CPU
		{31085984-3DA6-43C7-B0AA-CE62DC60BB56}.Debug|Any CPU.Build.0 = Debug|Any CPU
		{31085984-3DA6-43C7-B0AA-CE62DC60BB56}.Debug|x64.ActiveCfg = Debug|Any CPU
		{31085984-3DA6-43C7-B0AA-CE62DC60BB56}.Debug|x64.Build.0 = Debug|Any CPU
		{31085984-3DA6-43C7-B0AA-CE62DC60BB56}.Debug|x86.ActiveCfg = Debug|Any CPU
		{31085984-3DA6-43C7-B0AA-CE62DC60BB56}.Debug|x86.Build.0 = Debug|Any CPU
		{31085984-3DA6-43C7-B0AA-CE62DC60BB56}.Release|Any CPU.ActiveCfg = Release|Any CPU
		{31085984-3DA6-43C7-B0AA-CE62DC60BB56}.Release|Any CPU.Build.0 = Release|Any CPU
		{31085984-3DA6-43C7-B0AA-CE62DC60BB56}.Release|x64.ActiveCfg = Release|Any CPU
		{31085984-3DA6-43C7-B0AA-CE62DC60BB56}.Release|x64.Build.0 = Release|Any CPU
		{31085984-3DA6-43C7-B0AA-CE62DC60BB56}.Release|x86.ActiveCfg = Release|Any CPU
		{31085984-3DA6-43C7-B0AA-CE62DC60BB56}.Release|x86.Build.0 = Release|Any CPU
		{E7E019AB-42F8-48AB-B80C-D33351F2C96A}.Debug|Any CPU.ActiveCfg = Debug|Any CPU
		{E7E019AB-42F8-48AB-B80C-D33351F2C96A}.Debug|Any CPU.Build.0 = Debug|Any CPU
		{E7E019AB-42F8-48AB-B80C-D33351F2C96A}.Debug|x64.ActiveCfg = Debug|Any CPU
		{E7E019AB-42F8-48AB-B80C-D33351F2C96A}.Debug|x64.Build.0 = Debug|Any CPU
		{E7E019AB-42F8-48AB-B80C-D33351F2C96A}.Debug|x86.ActiveCfg = Debug|Any CPU
		{E7E019AB-42F8-48AB-B80C-D33351F2C96A}.Debug|x86.Build.0 = Debug|Any CPU
		{E7E019AB-42F8-48AB-B80C-D33351F2C96A}.Release|Any CPU.ActiveCfg = Release|Any CPU
		{E7E019AB-42F8-48AB-B80C-D33351F2C96A}.Release|Any CPU.Build.0 = Release|Any CPU
		{E7E019AB-42F8-48AB-B80C-D33351F2C96A}.Release|x64.ActiveCfg = Release|Any CPU
		{E7E019AB-42F8-48AB-B80C-D33351F2C96A}.Release|x64.Build.0 = Release|Any CPU
		{E7E019AB-42F8-48AB-B80C-D33351F2C96A}.Release|x86.ActiveCfg = Release|Any CPU
		{E7E019AB-42F8-48AB-B80C-D33351F2C96A}.Release|x86.Build.0 = Release|Any CPU
		{2B2290A8-752D-4D32-97D6-DAB1DC9A8996}.Debug|Any CPU.ActiveCfg = Debug|Any CPU
		{2B2290A8-752D-4D32-97D6-DAB1DC9A8996}.Debug|Any CPU.Build.0 = Debug|Any CPU
		{2B2290A8-752D-4D32-97D6-DAB1DC9A8996}.Debug|x64.ActiveCfg = Debug|Any CPU
		{2B2290A8-752D-4D32-97D6-DAB1DC9A8996}.Debug|x64.Build.0 = Debug|Any CPU
		{2B2290A8-752D-4D32-97D6-DAB1DC9A8996}.Debug|x86.ActiveCfg = Debug|Any CPU
		{2B2290A8-752D-4D32-97D6-DAB1DC9A8996}.Debug|x86.Build.0 = Debug|Any CPU
		{2B2290A8-752D-4D32-97D6-DAB1DC9A8996}.Release|Any CPU.ActiveCfg = Release|Any CPU
		{2B2290A8-752D-4D32-97D6-DAB1DC9A8996}.Release|Any CPU.Build.0 = Release|Any CPU
		{2B2290A8-752D-4D32-97D6-DAB1DC9A8996}.Release|x64.ActiveCfg = Release|Any CPU
		{2B2290A8-752D-4D32-97D6-DAB1DC9A8996}.Release|x64.Build.0 = Release|Any CPU
		{2B2290A8-752D-4D32-97D6-DAB1DC9A8996}.Release|x86.ActiveCfg = Release|Any CPU
		{2B2290A8-752D-4D32-97D6-DAB1DC9A8996}.Release|x86.Build.0 = Release|Any CPU
		{11311F0C-78CA-43A3-9C84-D7EA0AE9748C}.Debug|Any CPU.ActiveCfg = Debug|Any CPU
		{11311F0C-78CA-43A3-9C84-D7EA0AE9748C}.Debug|Any CPU.Build.0 = Debug|Any CPU
		{11311F0C-78CA-43A3-9C84-D7EA0AE9748C}.Debug|x64.ActiveCfg = Debug|Any CPU
		{11311F0C-78CA-43A3-9C84-D7EA0AE9748C}.Debug|x64.Build.0 = Debug|Any CPU
		{11311F0C-78CA-43A3-9C84-D7EA0AE9748C}.Debug|x86.ActiveCfg = Debug|Any CPU
		{11311F0C-78CA-43A3-9C84-D7EA0AE9748C}.Debug|x86.Build.0 = Debug|Any CPU
		{11311F0C-78CA-43A3-9C84-D7EA0AE9748C}.Release|Any CPU.ActiveCfg = Release|Any CPU
		{11311F0C-78CA-43A3-9C84-D7EA0AE9748C}.Release|Any CPU.Build.0 = Release|Any CPU
		{11311F0C-78CA-43A3-9C84-D7EA0AE9748C}.Release|x64.ActiveCfg = Release|Any CPU
		{11311F0C-78CA-43A3-9C84-D7EA0AE9748C}.Release|x64.Build.0 = Release|Any CPU
		{11311F0C-78CA-43A3-9C84-D7EA0AE9748C}.Release|x86.ActiveCfg = Release|Any CPU
		{11311F0C-78CA-43A3-9C84-D7EA0AE9748C}.Release|x86.Build.0 = Release|Any CPU
		{7FF41827-C922-448A-A241-D3C28ADD14E1}.Debug|Any CPU.ActiveCfg = Debug|Any CPU
		{7FF41827-C922-448A-A241-D3C28ADD14E1}.Debug|Any CPU.Build.0 = Debug|Any CPU
		{7FF41827-C922-448A-A241-D3C28ADD14E1}.Debug|x64.ActiveCfg = Debug|Any CPU
		{7FF41827-C922-448A-A241-D3C28ADD14E1}.Debug|x64.Build.0 = Debug|Any CPU
		{7FF41827-C922-448A-A241-D3C28ADD14E1}.Debug|x86.ActiveCfg = Debug|Any CPU
		{7FF41827-C922-448A-A241-D3C28ADD14E1}.Debug|x86.Build.0 = Debug|Any CPU
		{7FF41827-C922-448A-A241-D3C28ADD14E1}.Release|Any CPU.ActiveCfg = Release|Any CPU
		{7FF41827-C922-448A-A241-D3C28ADD14E1}.Release|Any CPU.Build.0 = Release|Any CPU
		{7FF41827-C922-448A-A241-D3C28ADD14E1}.Release|x64.ActiveCfg = Release|Any CPU
		{7FF41827-C922-448A-A241-D3C28ADD14E1}.Release|x64.Build.0 = Release|Any CPU
		{7FF41827-C922-448A-A241-D3C28ADD14E1}.Release|x86.ActiveCfg = Release|Any CPU
		{7FF41827-C922-448A-A241-D3C28ADD14E1}.Release|x86.Build.0 = Release|Any CPU
	EndGlobalSection
	GlobalSection(SolutionProperties) = preSolution
		HideSolutionNode = FALSE
	EndGlobalSection
	GlobalSection(NestedProjects) = preSolution
		{2F99F17D-ACDC-4F81-B9DA-02B88C747BEE} = {B4A9484D-31FC-4A27-9E26-4C8DE3E02D77}
		{F015C380-D285-42B1-9DAF-B6422CECA2F2} = {B4A9484D-31FC-4A27-9E26-4C8DE3E02D77}
		{256A6275-FC7F-42E9-9931-BC6EA6D0F31A} = {B4A9484D-31FC-4A27-9E26-4C8DE3E02D77}
		{76BA96DA-DC1E-4315-A3ED-5F0700A79812} = {6077A717-50BF-4F87-B439-CA549AF6A4AE}
		{D50583DF-FBEF-45EF-B523-70B2CDBE1DD1} = {76BA96DA-DC1E-4315-A3ED-5F0700A79812}
		{2E331781-F7ED-4EF1-8451-896636C6D93A} = {76BA96DA-DC1E-4315-A3ED-5F0700A79812}
		{D2E36476-A65F-4310-9C4C-B721BCC47B00} = {6077A717-50BF-4F87-B439-CA549AF6A4AE}
		{DDAA35BF-7BFC-431F-9F7E-182F01DAEB3F} = {D2E36476-A65F-4310-9C4C-B721BCC47B00}
		{E7E019AB-42F8-48AB-B80C-D33351F2C96A} = {D2E36476-A65F-4310-9C4C-B721BCC47B00}
	EndGlobalSection
	GlobalSection(ExtensibilityGlobals) = postSolution
		SolutionGuid = {B921C36B-4574-4025-8FE3-E5BD2D3D2B81}
	EndGlobalSection
EndGlobal
