
Microsoft Visual Studio Solution File, Format Version 12.00
# Visual Studio Version 16
VisualStudioVersion = 16.0.28729.10
MinimumVisualStudioVersion = 10.0.40219.1
Project("{FAE04EC0-301F-11D3-BF4B-00C04F79EFBC}") = "ProjectType", "QsProject\ProjectType\ProjectType.csproj", "{0FDC7CB9-38AC-4946-B194-EE5D0F49A6E8}"
EndProject
Project("{FAE04EC0-301F-11D3-BF4B-00C04F79EFBC}") = "LibraryTemplate", "QsProject\LibraryTemplate\LibraryTemplate.csproj", "{1573B7C7-2392-40A0-87B4-7C70A98CE719}"
EndProject
Global
	GlobalSection(SolutionConfigurationPlatforms) = preSolution
		Debug|Any CPU = Debug|Any CPU
		Release|Any CPU = Release|Any CPU
	EndGlobalSection
	GlobalSection(ProjectConfigurationPlatforms) = postSolution
		{0FDC7CB9-38AC-4946-B194-EE5D0F49A6E8}.Debug|Any CPU.ActiveCfg = Debug|Any CPU
		{0FDC7CB9-38AC-4946-B194-EE5D0F49A6E8}.Debug|Any CPU.Build.0 = Debug|Any CPU
		{0FDC7CB9-38AC-4946-B194-EE5D0F49A6E8}.Release|Any CPU.ActiveCfg = Release|Any CPU
		{0FDC7CB9-38AC-4946-B194-EE5D0F49A6E8}.Release|Any CPU.Build.0 = Release|Any CPU
		{1573B7C7-2392-40A0-87B4-7C70A98CE719}.Debug|Any CPU.ActiveCfg = Debug|Any CPU
		{1573B7C7-2392-40A0-87B4-7C70A98CE719}.Debug|Any CPU.Build.0 = Debug|Any CPU
		{1573B7C7-2392-40A0-87B4-7C70A98CE719}.Release|Any CPU.ActiveCfg = Release|Any CPU
		{1573B7C7-2392-40A0-87B4-7C70A98CE719}.Release|Any CPU.Build.0 = Release|Any CPU
	EndGlobalSection
	GlobalSection(SolutionProperties) = preSolution
		HideSolutionNode = FALSE
	EndGlobalSection
	GlobalSection(ExtensibilityGlobals) = postSolution
		SolutionGuid = {CEAF61B0-0ACC-49A2-9C8D-CE3AE8AE71DE}
	EndGlobalSection
EndGlobal
