
Microsoft Visual Studio Solution File, Format Version 12.00
# Visual Studio 15
VisualStudioVersion = 15.0.28307.757
MinimumVisualStudioVersion = 10.0.40219.1
Project("{FAE04EC0-301F-11D3-BF4B-00C04F79EFBC}") = "QsProjectSystem", "QsProjectSystem\QsProjectSystem.csproj", "{1AA7A977-DC93-4316-B197-99E8CB0E7554}"
EndProject
Project("{FAE04EC0-301F-11D3-BF4B-00C04F79EFBC}") = "TestProject.ProjectType", "TestProject\TestProject.ProjectType\TestProject.ProjectType.csproj", "{7EC68D8E-332E-4EE9-A842-3D4E646F952A}"
EndProject
Project("{FAE04EC0-301F-11D3-BF4B-00C04F79EFBC}") = "TestProject.ProjectTemplate", "TestProject\TestProject.ProjectTemplate\TestProject.ProjectTemplate.csproj", "{D09BD035-1CDA-4D4F-8F39-8EE892F5C5DD}"
EndProject
Project("{FAE04EC0-301F-11D3-BF4B-00C04F79EFBC}") = "QsLibraryTemplate", "QsLibraryTemplate\QsLibraryTemplate.csproj", "{733E632B-602A-4BF2-A31A-F251171A73A2}"
EndProject
Project("{FAE04EC0-301F-11D3-BF4B-00C04F79EFBC}") = "QsProject.ProjectType", "QsProject\QsProject.ProjectType\QsProject.ProjectType.csproj", "{5AC51F08-FA43-4726-939C-366E2991F586}"
EndProject
Project("{FAE04EC0-301F-11D3-BF4B-00C04F79EFBC}") = "QsProject.ProjectTemplate", "QsProject\QsProject.ProjectTemplate\QsProject.ProjectTemplate.csproj", "{66F44436-D10C-49C1-A867-57850004B07D}"
EndProject
Global
	GlobalSection(SolutionConfigurationPlatforms) = preSolution
		Debug|Any CPU = Debug|Any CPU
		Release|Any CPU = Release|Any CPU
	EndGlobalSection
	GlobalSection(ProjectConfigurationPlatforms) = postSolution
		{1AA7A977-DC93-4316-B197-99E8CB0E7554}.Debug|Any CPU.ActiveCfg = Debug|Any CPU
		{1AA7A977-DC93-4316-B197-99E8CB0E7554}.Debug|Any CPU.Build.0 = Debug|Any CPU
		{1AA7A977-DC93-4316-B197-99E8CB0E7554}.Release|Any CPU.ActiveCfg = Release|Any CPU
		{1AA7A977-DC93-4316-B197-99E8CB0E7554}.Release|Any CPU.Build.0 = Release|Any CPU
		{7EC68D8E-332E-4EE9-A842-3D4E646F952A}.Debug|Any CPU.ActiveCfg = Debug|Any CPU
		{7EC68D8E-332E-4EE9-A842-3D4E646F952A}.Debug|Any CPU.Build.0 = Debug|Any CPU
		{7EC68D8E-332E-4EE9-A842-3D4E646F952A}.Release|Any CPU.ActiveCfg = Release|Any CPU
		{7EC68D8E-332E-4EE9-A842-3D4E646F952A}.Release|Any CPU.Build.0 = Release|Any CPU
		{D09BD035-1CDA-4D4F-8F39-8EE892F5C5DD}.Debug|Any CPU.ActiveCfg = Debug|Any CPU
		{D09BD035-1CDA-4D4F-8F39-8EE892F5C5DD}.Debug|Any CPU.Build.0 = Debug|Any CPU
		{D09BD035-1CDA-4D4F-8F39-8EE892F5C5DD}.Release|Any CPU.ActiveCfg = Release|Any CPU
		{D09BD035-1CDA-4D4F-8F39-8EE892F5C5DD}.Release|Any CPU.Build.0 = Release|Any CPU
		{733E632B-602A-4BF2-A31A-F251171A73A2}.Debug|Any CPU.ActiveCfg = Debug|Any CPU
		{733E632B-602A-4BF2-A31A-F251171A73A2}.Debug|Any CPU.Build.0 = Debug|Any CPU
		{733E632B-602A-4BF2-A31A-F251171A73A2}.Release|Any CPU.ActiveCfg = Release|Any CPU
		{733E632B-602A-4BF2-A31A-F251171A73A2}.Release|Any CPU.Build.0 = Release|Any CPU
		{5AC51F08-FA43-4726-939C-366E2991F586}.Debug|Any CPU.ActiveCfg = Debug|Any CPU
		{5AC51F08-FA43-4726-939C-366E2991F586}.Debug|Any CPU.Build.0 = Debug|Any CPU
		{5AC51F08-FA43-4726-939C-366E2991F586}.Release|Any CPU.ActiveCfg = Release|Any CPU
		{5AC51F08-FA43-4726-939C-366E2991F586}.Release|Any CPU.Build.0 = Release|Any CPU
		{66F44436-D10C-49C1-A867-57850004B07D}.Debug|Any CPU.ActiveCfg = Debug|Any CPU
		{66F44436-D10C-49C1-A867-57850004B07D}.Debug|Any CPU.Build.0 = Debug|Any CPU
		{66F44436-D10C-49C1-A867-57850004B07D}.Release|Any CPU.ActiveCfg = Release|Any CPU
		{66F44436-D10C-49C1-A867-57850004B07D}.Release|Any CPU.Build.0 = Release|Any CPU
	EndGlobalSection
	GlobalSection(SolutionProperties) = preSolution
		HideSolutionNode = FALSE
	EndGlobalSection
	GlobalSection(ExtensibilityGlobals) = postSolution
		SolutionGuid = {CEAF61B0-0ACC-49A2-9C8D-CE3AE8AE71DE}
	EndGlobalSection
EndGlobal
