
Microsoft Visual Studio Solution File, Format Version 12.00
# Visual Studio Version 16
VisualStudioVersion = 16.0.29519.181
MinimumVisualStudioVersion = 10.0.40219.1
Project("{9A19103F-16F7-4668-BE54-9A1E7A4F7556}") = "BuildConfiguration", "BuildConfiguration\BuildConfiguration.csproj", "{6FF10429-1DE1-425B-AB72-2EE91A402A9A}"
EndProject
Global
	GlobalSection(SolutionConfigurationPlatforms) = preSolution
		Debug|Any CPU = Debug|Any CPU
		Release|Any CPU = Release|Any CPU
	EndGlobalSection
	GlobalSection(ProjectConfigurationPlatforms) = postSolution
		{6FF10429-1DE1-425B-AB72-2EE91A402A9A}.Debug|Any CPU.ActiveCfg = Debug|Any CPU
		{6FF10429-1DE1-425B-AB72-2EE91A402A9A}.Debug|Any CPU.Build.0 = Debug|Any CPU
		{6FF10429-1DE1-425B-AB72-2EE91A402A9A}.Release|Any CPU.ActiveCfg = Release|Any CPU
		{6FF10429-1DE1-425B-AB72-2EE91A402A9A}.Release|Any CPU.Build.0 = Release|Any CPU
	EndGlobalSection
	GlobalSection(SolutionProperties) = preSolution
		HideSolutionNode = FALSE
	EndGlobalSection
	GlobalSection(ExtensibilityGlobals) = postSolution
		SolutionGuid = {56D279F9-2E9B-4F90-8449-B4157A3DFAC1}
	EndGlobalSection
EndGlobal
